# generated by rye
# use `rye lock` or `rye sync` to update this lockfile
#
# last locked with the following flags:
#   pre: false
#   features: []
#   all-features: false
#   with-sources: false
#   generate-hashes: false
#   universal: false

-e file:.
annotated-types==0.7.0
    # via pydantic
boto3==1.35.39
    # via query-farm-server-base
botocore==1.35.39
    # via boto3
    # via s3transfer
cache3==0.4.3
    # via query-farm-server-base
certifi==2024.8.30
    # via sentry-sdk
click==8.1.7
    # via query-farm-server-base
jmespath==1.0.1
    # via boto3
    # via botocore
mypy-boto3-dynamodb==1.35.24
    # via query-farm-server-base
numpy==2.1.2
    # via pyarrow
prettytable==3.11.0
    # via query-farm-server-base
pyarrow==17.0.0
    # via query-farm-server-base
pydantic==2.9.2
    # via query-farm-server-base
pydantic-core==2.23.4
    # via pydantic
python-dateutil==2.9.0.post0
    # via botocore
s3transfer==0.10.3
    # via boto3
sentry-sdk==2.16.0
    # via query-farm-server-base
six==1.16.0
    # via python-dateutil
structlog==24.4.0
    # via query-farm-server-base
typing-extensions==4.12.2
    # via pydantic
    # via pydantic-core
urllib3==2.2.3
    # via botocore
    # via sentry-sdk
wcwidth==0.2.13
    # via prettytable
